
Microsoft Visual Studio Solution File, Format Version 12.00
# Visual Studio 15
VisualStudioVersion = 15.0.28010.2026
MinimumVisualStudioVersion = 10.0.40219.1
Project("{9A19103F-16F7-4668-BE54-9A1E7A4F7556}") = "Telelingua.API", "Telelingua\Telelingua.API.csproj", "{8E447E33-3624-4ACA-A852-F168E5652EA2}"
EndProject
Project("{FAE04EC0-301F-11D3-BF4B-00C04F79EFBC}") = "Telelingua.WPF", "TelelinguaWPF\Telelingua.WPF.csproj", "{366F035E-BE7A-4C74-B2D7-A7DFC0D16049}"
EndProject
Project("{FAE04EC0-301F-11D3-BF4B-00C04F79EFBC}") = "Telelingua.Tests", "Telelingua.Tests\Telelingua.Tests.csproj", "{E0F0671D-BE37-4900-8CE8-B0619AC8E79A}"
EndProject
Global
	GlobalSection(SolutionConfigurationPlatforms) = preSolution
		Debug|Any CPU = Debug|Any CPU
		Release|Any CPU = Release|Any CPU
	EndGlobalSection
	GlobalSection(ProjectConfigurationPlatforms) = postSolution
		{8E447E33-3624-4ACA-A852-F168E5652EA2}.Debug|Any CPU.ActiveCfg = Debug|Any CPU
		{8E447E33-3624-4ACA-A852-F168E5652EA2}.Debug|Any CPU.Build.0 = Debug|Any CPU
		{8E447E33-3624-4ACA-A852-F168E5652EA2}.Release|Any CPU.ActiveCfg = Release|Any CPU
		{8E447E33-3624-4ACA-A852-F168E5652EA2}.Release|Any CPU.Build.0 = Release|Any CPU
		{366F035E-BE7A-4C74-B2D7-A7DFC0D16049}.Debug|Any CPU.ActiveCfg = Debug|Any CPU
		{366F035E-BE7A-4C74-B2D7-A7DFC0D16049}.Debug|Any CPU.Build.0 = Debug|Any CPU
		{366F035E-BE7A-4C74-B2D7-A7DFC0D16049}.Release|Any CPU.ActiveCfg = Release|Any CPU
		{366F035E-BE7A-4C74-B2D7-A7DFC0D16049}.Release|Any CPU.Build.0 = Release|Any CPU
		{E0F0671D-BE37-4900-8CE8-B0619AC8E79A}.Debug|Any CPU.ActiveCfg = Debug|Any CPU
		{E0F0671D-BE37-4900-8CE8-B0619AC8E79A}.Debug|Any CPU.Build.0 = Debug|Any CPU
		{E0F0671D-BE37-4900-8CE8-B0619AC8E79A}.Release|Any CPU.ActiveCfg = Release|Any CPU
		{E0F0671D-BE37-4900-8CE8-B0619AC8E79A}.Release|Any CPU.Build.0 = Release|Any CPU
	EndGlobalSection
	GlobalSection(SolutionProperties) = preSolution
		HideSolutionNode = FALSE
	EndGlobalSection
	GlobalSection(ExtensibilityGlobals) = postSolution
		SolutionGuid = {7F18EB11-7E89-49D5-8845-CD358BBFF8F1}
	EndGlobalSection
EndGlobal
